version = 1
revision = 2
requires-python = ">=3.13"

[[package]]
name = "pocket-scion-osc"
version = "1.0.0"
source = { virtual = "." }
dependencies = [
    { name = "python-osc" },
    { name = "python-rtmidi" },
]

[package.metadata]
requires-dist = [
    { name = "python-osc" },
    { name = "python-rtmidi" },
]

[[package]]
name = "python-osc"
version = "1.9.3"
source = { registry = "https://pypi.org/simple" }
sdist = { url = "https://files.pythonhosted.org/packages/1e/6e/770a91c92e4e8db6213764fb78531dd26a4982000d9b325881f3599835e2/python_osc-1.9.3.tar.gz", hash = "sha256:bd0fa40def43ce509894709feb0e18f02192aca192c5e6c8fe2ba69e58f21794", size = 33328, upload-time = "2024-12-23T20:24:50.939Z" }
wheels = [
    { url = "https://files.pythonhosted.org/packages/57/04/01b3de6a7565cfc20f3bf4fce959b099ad30a08157865436d48cc02f6c08/python_osc-1.9.3-py3-none-any.whl", hash = "sha256:7def2075be72f07bae5a4c1a55cc7d907b247f4a5d910f3159ed30ac2b1f17cc", size = 43808, upload-time = "2024-12-23T20:24:48.358Z" },
]

[[package]]
name = "python-rtmidi"
version = "1.5.8"
source = { registry = "https://pypi.org/simple" }
sdist = { url = "https://files.pythonhosted.org/packages/dd/ee/0f91965dcc471714c69df21e5ca3d94dc81411b7dee2d31ff1184bea07c9/python_rtmidi-1.5.8.tar.gz", hash = "sha256:7f9ade68b068ae09000ecb562ae9521da3a234361ad5449e83fc734544d004fa", size = 368130, upload-time = "2023-11-20T21:55:02.192Z" }
